
Microsoft Visual Studio Solution File, Format Version 12.00
# Visual Studio Version 16
VisualStudioVersion = 16.0.31005.135
MinimumVisualStudioVersion = 10.0.40219.1
Project("{FAE04EC0-301F-11D3-BF4B-00C04F79EFBC}") = "WebApplication2", "WebApplication2\WebApplication2.csproj", "{9948B32E-9A18-4036-8625-F52C99B9CB7B}"
EndProject
Global
	GlobalSection(SolutionConfigurationPlatforms) = preSolution
		Debug|Any CPU = Debug|Any CPU
		Release|Any CPU = Release|Any CPU
	EndGlobalSection
	GlobalSection(ProjectConfigurationPlatforms) = postSolution
		{9948B32E-9A18-4036-8625-F52C99B9CB7B}.Debug|Any CPU.ActiveCfg = Debug|Any CPU
		{9948B32E-9A18-4036-8625-F52C99B9CB7B}.Debug|Any CPU.Build.0 = Debug|Any CPU
		{9948B32E-9A18-4036-8625-F52C99B9CB7B}.Release|Any CPU.ActiveCfg = Release|Any CPU
		{9948B32E-9A18-4036-8625-F52C99B9CB7B}.Release|Any CPU.Build.0 = Release|Any CPU
	EndGlobalSection
	GlobalSection(SolutionProperties) = preSolution
		HideSolutionNode = FALSE
	EndGlobalSection
	GlobalSection(ExtensibilityGlobals) = postSolution
		SolutionGuid = {39CECB63-BA2C-451C-862D-FC32D578F83E}
	EndGlobalSection
EndGlobal
